<?xml version="1.0" encoding="UTF-8" standalone="yes" ?>
<CodeBlocks_project_file>
   <FileVersion major="1" minor="6" />
   <Project>
      <Option title="opencv_imgproc" />
      <Option makefile_is_custom="1" />
      <Option compiler="gcc" />
      <Option virtualFolders="CMake Files\;CMake Files\Program Files\;CMake Files\Program Files\CMake 2.8\;CMake Files\Program Files\CMake 2.8\share\;CMake Files\Program Files\CMake 2.8\share\cmake-2.8\;CMake Files\Program Files\CMake 2.8\share\cmake-2.8\Modules\;CMake Files\Program Files\CMake 2.8\share\cmake-2.8\Modules\Platform\;CMake Files\Program Files\CMake 2.8\share\cmake-2.8\Modules\Compiler\;CMake Files\include\;CMake Files\modules\;CMake Files\modules\calib3d\;CMake Files\modules\core\;CMake Files\modules\features2d\;CMake Files\modules\flann\;CMake Files\modules\ffmpeg\;CMake Files\modules\highgui\;CMake Files\modules\imgproc\;CMake Files\modules\legacy\;CMake Files\modules\contrib\;CMake Files\modules\ml\;CMake Files\modules\objdetect\;CMake Files\modules\video\;CMake Files\modules\haartraining\;CMake Files\modules\traincascade\;CMake Files\modules\gpu\;CMake Files\doc\;CMake Files\data\;CMake Files\3rdparty\;CMake Files\3rdparty\lapack\;CMake Files\3rdparty\zlib\;CMake Files\3rdparty\libjasper\;CMake Files\3rdparty\libjpeg\;CMake Files\3rdparty\libpng\;CMake Files\3rdparty\libtiff\;" />
      <Build>
      <Target title="all">
         <Option working_dir="D:/lang/OpenCV-2.2.0/dbg-w32/modules/imgproc" />
         <Option type="4" />
         <MakeCommands>
            <Build command="C:/QtSDK/mingw/bin/mingw32-make.exe -f &quot;D:/lang/OpenCV-2.2.0/dbg-w32/modules/imgproc/Makefile&quot;  VERBOSE=1 all" />
            <CompileFile command="C:/QtSDK/mingw/bin/mingw32-make.exe -f &quot;D:/lang/OpenCV-2.2.0/dbg-w32/modules/imgproc/Makefile&quot;  VERBOSE=1 &quot;$file&quot;" />
            <Clean command="C:/QtSDK/mingw/bin/mingw32-make.exe -f &quot;D:/lang/OpenCV-2.2.0/dbg-w32/modules/imgproc/Makefile&quot;  VERBOSE=1 clean" />
            <DistClean command="C:/QtSDK/mingw/bin/mingw32-make.exe -f &quot;D:/lang/OpenCV-2.2.0/dbg-w32/modules/imgproc/Makefile&quot;  VERBOSE=1 clean" />
         </MakeCommands>
      </Target>
      <Target title="opencv_imgproc">
         <Option output="D:/lang/OpenCV-2.2.0/dbg-w32/bin/libopencv_imgproc220d.dll" prefix_auto="0" extension_auto="0" />
         <Option working_dir="D:/lang/OpenCV-2.2.0/dbg-w32/modules/imgproc" />
         <Option object_output="./" />
         <Option type="3" />
         <Option compiler="gcc" />
         <Compiler>
            <Add directory="D:/lang/OpenCV-2.2.0/." />
            <Add directory="D:/lang/OpenCV-2.2.0/dbg-w32" />
            <Add directory="D:/lang/OpenCV-2.2.0/include" />
            <Add directory="D:/lang/OpenCV-2.2.0/include/opencv" />
            <Add directory="D:/lang/OpenCV-2.2.0/modules/imgproc/include" />
            <Add directory="D:/lang/OpenCV-2.2.0/modules/imgproc/src" />
            <Add directory="D:/lang/OpenCV-2.2.0/dbg-w32/modules/imgproc" />
            <Add directory="D:/lang/OpenCV-2.2.0/modules/imgproc/../core/include" />
         </Compiler>
         <MakeCommands>
            <Build command="C:/QtSDK/mingw/bin/mingw32-make.exe -f &quot;D:/lang/OpenCV-2.2.0/dbg-w32/modules/imgproc/Makefile&quot;  VERBOSE=1 opencv_imgproc" />
            <CompileFile command="C:/QtSDK/mingw/bin/mingw32-make.exe -f &quot;D:/lang/OpenCV-2.2.0/dbg-w32/modules/imgproc/Makefile&quot;  VERBOSE=1 &quot;$file&quot;" />
            <Clean command="C:/QtSDK/mingw/bin/mingw32-make.exe -f &quot;D:/lang/OpenCV-2.2.0/dbg-w32/modules/imgproc/Makefile&quot;  VERBOSE=1 clean" />
            <DistClean command="C:/QtSDK/mingw/bin/mingw32-make.exe -f &quot;D:/lang/OpenCV-2.2.0/dbg-w32/modules/imgproc/Makefile&quot;  VERBOSE=1 clean" />
         </MakeCommands>
      </Target>
      <Target title="opencv_imgproc/fast">
         <Option output="D:/lang/OpenCV-2.2.0/dbg-w32/bin/libopencv_imgproc220d.dll" prefix_auto="0" extension_auto="0" />
         <Option working_dir="D:/lang/OpenCV-2.2.0/dbg-w32/modules/imgproc" />
         <Option object_output="./" />
         <Option type="3" />
         <Option compiler="gcc" />
         <Compiler>
            <Add directory="D:/lang/OpenCV-2.2.0/." />
            <Add directory="D:/lang/OpenCV-2.2.0/dbg-w32" />
            <Add directory="D:/lang/OpenCV-2.2.0/include" />
            <Add directory="D:/lang/OpenCV-2.2.0/include/opencv" />
            <Add directory="D:/lang/OpenCV-2.2.0/modules/imgproc/include" />
            <Add directory="D:/lang/OpenCV-2.2.0/modules/imgproc/src" />
            <Add directory="D:/lang/OpenCV-2.2.0/dbg-w32/modules/imgproc" />
            <Add directory="D:/lang/OpenCV-2.2.0/modules/imgproc/../core/include" />
         </Compiler>
         <MakeCommands>
            <Build command="C:/QtSDK/mingw/bin/mingw32-make.exe -f &quot;D:/lang/OpenCV-2.2.0/dbg-w32/modules/imgproc/Makefile&quot;  VERBOSE=1 opencv_imgproc/fast" />
            <CompileFile command="C:/QtSDK/mingw/bin/mingw32-make.exe -f &quot;D:/lang/OpenCV-2.2.0/dbg-w32/modules/imgproc/Makefile&quot;  VERBOSE=1 &quot;$file&quot;" />
            <Clean command="C:/QtSDK/mingw/bin/mingw32-make.exe -f &quot;D:/lang/OpenCV-2.2.0/dbg-w32/modules/imgproc/Makefile&quot;  VERBOSE=1 clean" />
            <DistClean command="C:/QtSDK/mingw/bin/mingw32-make.exe -f &quot;D:/lang/OpenCV-2.2.0/dbg-w32/modules/imgproc/Makefile&quot;  VERBOSE=1 clean" />
         </MakeCommands>
      </Target>
      <Target title="opencv_imgproc_pch_dephelp">
         <Option output="D:/lang/OpenCV-2.2.0/dbg-w32/lib/libopencv_imgproc_pch_dephelp.a" prefix_auto="0" extension_auto="0" />
         <Option working_dir="D:/lang/OpenCV-2.2.0/dbg-w32/modules/imgproc" />
         <Option object_output="./" />
         <Option type="2" />
         <Option compiler="gcc" />
         <Compiler>
            <Add directory="D:/lang/OpenCV-2.2.0/." />
            <Add directory="D:/lang/OpenCV-2.2.0/dbg-w32" />
            <Add directory="D:/lang/OpenCV-2.2.0/include" />
            <Add directory="D:/lang/OpenCV-2.2.0/include/opencv" />
            <Add directory="D:/lang/OpenCV-2.2.0/modules/imgproc/include" />
            <Add directory="D:/lang/OpenCV-2.2.0/modules/imgproc/src" />
            <Add directory="D:/lang/OpenCV-2.2.0/dbg-w32/modules/imgproc" />
            <Add directory="D:/lang/OpenCV-2.2.0/modules/imgproc/../core/include" />
         </Compiler>
         <MakeCommands>
            <Build command="C:/QtSDK/mingw/bin/mingw32-make.exe -f &quot;D:/lang/OpenCV-2.2.0/dbg-w32/modules/imgproc/Makefile&quot;  VERBOSE=1 opencv_imgproc_pch_dephelp" />
            <CompileFile command="C:/QtSDK/mingw/bin/mingw32-make.exe -f &quot;D:/lang/OpenCV-2.2.0/dbg-w32/modules/imgproc/Makefile&quot;  VERBOSE=1 &quot;$file&quot;" />
            <Clean command="C:/QtSDK/mingw/bin/mingw32-make.exe -f &quot;D:/lang/OpenCV-2.2.0/dbg-w32/modules/imgproc/Makefile&quot;  VERBOSE=1 clean" />
            <DistClean command="C:/QtSDK/mingw/bin/mingw32-make.exe -f &quot;D:/lang/OpenCV-2.2.0/dbg-w32/modules/imgproc/Makefile&quot;  VERBOSE=1 clean" />
         </MakeCommands>
      </Target>
      <Target title="opencv_imgproc_pch_dephelp/fast">
         <Option output="D:/lang/OpenCV-2.2.0/dbg-w32/lib/libopencv_imgproc_pch_dephelp.a" prefix_auto="0" extension_auto="0" />
         <Option working_dir="D:/lang/OpenCV-2.2.0/dbg-w32/modules/imgproc" />
         <Option object_output="./" />
         <Option type="2" />
         <Option compiler="gcc" />
         <Compiler>
            <Add directory="D:/lang/OpenCV-2.2.0/." />
            <Add directory="D:/lang/OpenCV-2.2.0/dbg-w32" />
            <Add directory="D:/lang/OpenCV-2.2.0/include" />
            <Add directory="D:/lang/OpenCV-2.2.0/include/opencv" />
            <Add directory="D:/lang/OpenCV-2.2.0/modules/imgproc/include" />
            <Add directory="D:/lang/OpenCV-2.2.0/modules/imgproc/src" />
            <Add directory="D:/lang/OpenCV-2.2.0/dbg-w32/modules/imgproc" />
            <Add directory="D:/lang/OpenCV-2.2.0/modules/imgproc/../core/include" />
         </Compiler>
         <MakeCommands>
            <Build command="C:/QtSDK/mingw/bin/mingw32-make.exe -f &quot;D:/lang/OpenCV-2.2.0/dbg-w32/modules/imgproc/Makefile&quot;  VERBOSE=1 opencv_imgproc_pch_dephelp/fast" />
            <CompileFile command="C:/QtSDK/mingw/bin/mingw32-make.exe -f &quot;D:/lang/OpenCV-2.2.0/dbg-w32/modules/imgproc/Makefile&quot;  VERBOSE=1 &quot;$file&quot;" />
            <Clean command="C:/QtSDK/mingw/bin/mingw32-make.exe -f &quot;D:/lang/OpenCV-2.2.0/dbg-w32/modules/imgproc/Makefile&quot;  VERBOSE=1 clean" />
            <DistClean command="C:/QtSDK/mingw/bin/mingw32-make.exe -f &quot;D:/lang/OpenCV-2.2.0/dbg-w32/modules/imgproc/Makefile&quot;  VERBOSE=1 clean" />
         </MakeCommands>
      </Target>
      <Target title="pch_Generate_opencv_imgproc">
         <Option working_dir="D:/lang/OpenCV-2.2.0/dbg-w32/modules/imgproc" />
         <Option type="4" />
         <MakeCommands>
            <Build command="C:/QtSDK/mingw/bin/mingw32-make.exe -f &quot;D:/lang/OpenCV-2.2.0/dbg-w32/modules/imgproc/Makefile&quot;  VERBOSE=1 pch_Generate_opencv_imgproc" />
            <CompileFile command="C:/QtSDK/mingw/bin/mingw32-make.exe -f &quot;D:/lang/OpenCV-2.2.0/dbg-w32/modules/imgproc/Makefile&quot;  VERBOSE=1 &quot;$file&quot;" />
            <Clean command="C:/QtSDK/mingw/bin/mingw32-make.exe -f &quot;D:/lang/OpenCV-2.2.0/dbg-w32/modules/imgproc/Makefile&quot;  VERBOSE=1 clean" />
            <DistClean command="C:/QtSDK/mingw/bin/mingw32-make.exe -f &quot;D:/lang/OpenCV-2.2.0/dbg-w32/modules/imgproc/Makefile&quot;  VERBOSE=1 clean" />
         </MakeCommands>
      </Target>
      </Build>
      <Unit filename="D:/lang/OpenCV-2.2.0/dbg-w32/modules/imgproc/opencv_imgproc_pch_dephelp.cxx">
      </Unit>
      <Unit filename="D:/lang/OpenCV-2.2.0/modules/imgproc/src/accum.cpp">
      </Unit>
      <Unit filename="D:/lang/OpenCV-2.2.0/modules/imgproc/src/approx.cpp">
      </Unit>
      <Unit filename="D:/lang/OpenCV-2.2.0/modules/imgproc/src/canny.cpp">
      </Unit>
      <Unit filename="D:/lang/OpenCV-2.2.0/modules/imgproc/src/color.cpp">
      </Unit>
      <Unit filename="D:/lang/OpenCV-2.2.0/modules/imgproc/src/contours.cpp">
      </Unit>
      <Unit filename="D:/lang/OpenCV-2.2.0/modules/imgproc/src/convhull.cpp">
      </Unit>
      <Unit filename="D:/lang/OpenCV-2.2.0/modules/imgproc/src/corner.cpp">
      </Unit>
      <Unit filename="D:/lang/OpenCV-2.2.0/modules/imgproc/src/cornersubpix.cpp">
      </Unit>
      <Unit filename="D:/lang/OpenCV-2.2.0/modules/imgproc/src/deriv.cpp">
      </Unit>
      <Unit filename="D:/lang/OpenCV-2.2.0/modules/imgproc/src/distransform.cpp">
      </Unit>
      <Unit filename="D:/lang/OpenCV-2.2.0/modules/imgproc/src/emd.cpp">
      </Unit>
      <Unit filename="D:/lang/OpenCV-2.2.0/modules/imgproc/src/featureselect.cpp">
      </Unit>
      <Unit filename="D:/lang/OpenCV-2.2.0/modules/imgproc/src/featuretree.cpp">
      </Unit>
      <Unit filename="D:/lang/OpenCV-2.2.0/modules/imgproc/src/filter.cpp">
      </Unit>
      <Unit filename="D:/lang/OpenCV-2.2.0/modules/imgproc/src/floodfill.cpp">
      </Unit>
      <Unit filename="D:/lang/OpenCV-2.2.0/modules/imgproc/src/geometry.cpp">
      </Unit>
      <Unit filename="D:/lang/OpenCV-2.2.0/modules/imgproc/src/grabcut.cpp">
      </Unit>
      <Unit filename="D:/lang/OpenCV-2.2.0/modules/imgproc/src/histogram.cpp">
      </Unit>
      <Unit filename="D:/lang/OpenCV-2.2.0/modules/imgproc/src/hough.cpp">
      </Unit>
      <Unit filename="D:/lang/OpenCV-2.2.0/modules/imgproc/src/imgwarp.cpp">
      </Unit>
      <Unit filename="D:/lang/OpenCV-2.2.0/modules/imgproc/src/inpaint.cpp">
      </Unit>
      <Unit filename="D:/lang/OpenCV-2.2.0/modules/imgproc/src/kdtree.cpp">
      </Unit>
      <Unit filename="D:/lang/OpenCV-2.2.0/modules/imgproc/src/linefit.cpp">
      </Unit>
      <Unit filename="D:/lang/OpenCV-2.2.0/modules/imgproc/src/lsh.cpp">
      </Unit>
      <Unit filename="D:/lang/OpenCV-2.2.0/modules/imgproc/src/matchcontours.cpp">
      </Unit>
      <Unit filename="D:/lang/OpenCV-2.2.0/modules/imgproc/src/moments.cpp">
      </Unit>
      <Unit filename="D:/lang/OpenCV-2.2.0/modules/imgproc/src/morph.cpp">
      </Unit>
      <Unit filename="D:/lang/OpenCV-2.2.0/modules/imgproc/src/precomp.cpp">
      </Unit>
      <Unit filename="D:/lang/OpenCV-2.2.0/modules/imgproc/src/pyramids.cpp">
      </Unit>
      <Unit filename="D:/lang/OpenCV-2.2.0/modules/imgproc/src/pyrsegmentation.cpp">
      </Unit>
      <Unit filename="D:/lang/OpenCV-2.2.0/modules/imgproc/src/rotcalipers.cpp">
      </Unit>
      <Unit filename="D:/lang/OpenCV-2.2.0/modules/imgproc/src/samplers.cpp">
      </Unit>
      <Unit filename="D:/lang/OpenCV-2.2.0/modules/imgproc/src/segmentation.cpp">
      </Unit>
      <Unit filename="D:/lang/OpenCV-2.2.0/modules/imgproc/src/shapedescr.cpp">
      </Unit>
      <Unit filename="D:/lang/OpenCV-2.2.0/modules/imgproc/src/smooth.cpp">
      </Unit>
      <Unit filename="D:/lang/OpenCV-2.2.0/modules/imgproc/src/spilltree.cpp">
      </Unit>
      <Unit filename="D:/lang/OpenCV-2.2.0/modules/imgproc/src/subdivision2d.cpp">
      </Unit>
      <Unit filename="D:/lang/OpenCV-2.2.0/modules/imgproc/src/sumpixels.cpp">
      </Unit>
      <Unit filename="D:/lang/OpenCV-2.2.0/modules/imgproc/src/tables.cpp">
      </Unit>
      <Unit filename="D:/lang/OpenCV-2.2.0/modules/imgproc/src/templmatch.cpp">
      </Unit>
      <Unit filename="D:/lang/OpenCV-2.2.0/modules/imgproc/src/thresh.cpp">
      </Unit>
      <Unit filename="D:/lang/OpenCV-2.2.0/modules/imgproc/src/undistort.cpp">
      </Unit>
      <Unit filename="D:/lang/OpenCV-2.2.0/modules/imgproc/src/utils.cpp">
      </Unit>
      <Unit filename="D:/lang/OpenCV-2.2.0/modules/imgproc/include/opencv2/imgproc/imgproc.hpp">
      </Unit>
      <Unit filename="D:/lang/OpenCV-2.2.0/modules/imgproc/include/opencv2/imgproc/imgproc_c.h">
      </Unit>
      <Unit filename="D:/lang/OpenCV-2.2.0/modules/imgproc/include/opencv2/imgproc/types_c.h">
      </Unit>
      <Unit filename="D:/lang/OpenCV-2.2.0/modules/imgproc/src/_featuretree.h">
      </Unit>
      <Unit filename="D:/lang/OpenCV-2.2.0/modules/imgproc/src/_geom.h">
      </Unit>
      <Unit filename="D:/lang/OpenCV-2.2.0/modules/imgproc/src/_imgproc.h">
      </Unit>
      <Unit filename="D:/lang/OpenCV-2.2.0/modules/imgproc/src/_kdtree.hpp">
      </Unit>
      <Unit filename="D:/lang/OpenCV-2.2.0/modules/imgproc/src/_list.h">
      </Unit>
      <Unit filename="D:/lang/OpenCV-2.2.0/modules/imgproc/src/gcgraph.hpp">
      </Unit>
      <Unit filename="D:/lang/OpenCV-2.2.0/modules/imgproc/src/precomp.hpp">
      </Unit>
      <Unit filename="D:/lang/OpenCV-2.2.0/CMakeLists.txt">
          <Option virtualFolder="CMake Files\" />
      </Unit>
      <Unit filename="D:/lang/OpenCV-2.2.0/OpenCVPCHSupport.cmake">
          <Option virtualFolder="CMake Files\" />
      </Unit>
      <Unit filename="D:/lang/OpenCV-2.2.0/OpenCVModule.cmake">
          <Option virtualFolder="CMake Files\" />
      </Unit>
      <Unit filename="D:/lang/OpenCV-2.2.0/OpenCVFindOpenEXR.cmake">
          <Option virtualFolder="CMake Files\" />
      </Unit>
      <Unit filename="D:/lang/OpenCV-2.2.0/cvconfig.h.cmake">
          <Option virtualFolder="CMake Files\" />
      </Unit>
      <Unit filename="D:/lang/OpenCV-2.2.0/OpenCVConfig.cmake.in">
          <Option virtualFolder="CMake Files\" />
      </Unit>
      <Unit filename="D:/lang/OpenCV-2.2.0/OpenCVConfig.cmake.in">
          <Option virtualFolder="CMake Files\" />
      </Unit>
      <Unit filename="D:/lang/OpenCV-2.2.0/OpenCVConfig.cmake.in">
          <Option virtualFolder="CMake Files\" />
      </Unit>
      <Unit filename="D:/lang/OpenCV-2.2.0/opencv.pc.cmake.in">
          <Option virtualFolder="CMake Files\" />
      </Unit>
      <Unit filename="D:/lang/OpenCV-2.2.0/cmake_uninstall.cmake.in">
          <Option virtualFolder="CMake Files\" />
      </Unit>
      <Unit filename="D:/lang/OpenCV-2.2.0/Program Files/CMake 2.8/share/cmake-2.8/Modules/CMakeSystemSpecificInformation.cmake">
          <Option virtualFolder="CMake Files\Program Files\CMake 2.8\share\cmake-2.8\Modules\" />
      </Unit>
      <Unit filename="D:/lang/OpenCV-2.2.0/Program Files/CMake 2.8/share/cmake-2.8/Modules/CMakeGenericSystem.cmake">
          <Option virtualFolder="CMake Files\Program Files\CMake 2.8\share\cmake-2.8\Modules\" />
      </Unit>
      <Unit filename="D:/lang/OpenCV-2.2.0/Program Files/CMake 2.8/share/cmake-2.8/Modules/CMakeCInformation.cmake">
          <Option virtualFolder="CMake Files\Program Files\CMake 2.8\share\cmake-2.8\Modules\" />
      </Unit>
      <Unit filename="D:/lang/OpenCV-2.2.0/Program Files/CMake 2.8/share/cmake-2.8/Modules/CMakeRCInformation.cmake">
          <Option virtualFolder="CMake Files\Program Files\CMake 2.8\share\cmake-2.8\Modules\" />
      </Unit>
      <Unit filename="D:/lang/OpenCV-2.2.0/Program Files/CMake 2.8/share/cmake-2.8/Modules/CMakeCommonLanguageInclude.cmake">
          <Option virtualFolder="CMake Files\Program Files\CMake 2.8\share\cmake-2.8\Modules\" />
      </Unit>
      <Unit filename="D:/lang/OpenCV-2.2.0/Program Files/CMake 2.8/share/cmake-2.8/Modules/CMakeCXXInformation.cmake">
          <Option virtualFolder="CMake Files\Program Files\CMake 2.8\share\cmake-2.8\Modules\" />
      </Unit>
      <Unit filename="D:/lang/OpenCV-2.2.0/Program Files/CMake 2.8/share/cmake-2.8/Modules/CMakeCommonLanguageInclude.cmake">
          <Option virtualFolder="CMake Files\Program Files\CMake 2.8\share\cmake-2.8\Modules\" />
      </Unit>
      <Unit filename="D:/lang/OpenCV-2.2.0/Program Files/CMake 2.8/share/cmake-2.8/Modules/FindQt4.cmake">
          <Option virtualFolder="CMake Files\Program Files\CMake 2.8\share\cmake-2.8\Modules\" />
      </Unit>
      <Unit filename="D:/lang/OpenCV-2.2.0/Program Files/CMake 2.8/share/cmake-2.8/Modules/CheckSymbolExists.cmake">
          <Option virtualFolder="CMake Files\Program Files\CMake 2.8\share\cmake-2.8\Modules\" />
      </Unit>
      <Unit filename="D:/lang/OpenCV-2.2.0/Program Files/CMake 2.8/share/cmake-2.8/Modules/MacroAddFileDependencies.cmake">
          <Option virtualFolder="CMake Files\Program Files\CMake 2.8\share\cmake-2.8\Modules\" />
      </Unit>
      <Unit filename="D:/lang/OpenCV-2.2.0/Program Files/CMake 2.8/share/cmake-2.8/Modules/FindDoxygen.cmake">
          <Option virtualFolder="CMake Files\Program Files\CMake 2.8\share\cmake-2.8\Modules\" />
      </Unit>
      <Unit filename="D:/lang/OpenCV-2.2.0/Program Files/CMake 2.8/share/cmake-2.8/Modules/FindPackageHandleStandardArgs.cmake">
          <Option virtualFolder="CMake Files\Program Files\CMake 2.8\share\cmake-2.8\Modules\" />
      </Unit>
      <Unit filename="D:/lang/OpenCV-2.2.0/Program Files/CMake 2.8/share/cmake-2.8/Modules/FindPackageMessage.cmake">
          <Option virtualFolder="CMake Files\Program Files\CMake 2.8\share\cmake-2.8\Modules\" />
      </Unit>
      <Unit filename="D:/lang/OpenCV-2.2.0/Program Files/CMake 2.8/share/cmake-2.8/Modules/CMakeParseArguments.cmake">
          <Option virtualFolder="CMake Files\Program Files\CMake 2.8\share\cmake-2.8\Modules\" />
      </Unit>
      <Unit filename="D:/lang/OpenCV-2.2.0/Program Files/CMake 2.8/share/cmake-2.8/Modules/Platform/Windows.cmake">
          <Option virtualFolder="CMake Files\Program Files\CMake 2.8\share\cmake-2.8\Modules\Platform\" />
      </Unit>
      <Unit filename="D:/lang/OpenCV-2.2.0/Program Files/CMake 2.8/share/cmake-2.8/Modules/Platform/WindowsPaths.cmake">
          <Option virtualFolder="CMake Files\Program Files\CMake 2.8\share\cmake-2.8\Modules\Platform\" />
      </Unit>
      <Unit filename="D:/lang/OpenCV-2.2.0/Program Files/CMake 2.8/share/cmake-2.8/Modules/Platform/Windows-GNU-C.cmake">
          <Option virtualFolder="CMake Files\Program Files\CMake 2.8\share\cmake-2.8\Modules\Platform\" />
      </Unit>
      <Unit filename="D:/lang/OpenCV-2.2.0/Program Files/CMake 2.8/share/cmake-2.8/Modules/Platform/Windows-GNU.cmake">
          <Option virtualFolder="CMake Files\Program Files\CMake 2.8\share\cmake-2.8\Modules\Platform\" />
      </Unit>
      <Unit filename="D:/lang/OpenCV-2.2.0/Program Files/CMake 2.8/share/cmake-2.8/Modules/Platform/Windows-windres.cmake">
          <Option virtualFolder="CMake Files\Program Files\CMake 2.8\share\cmake-2.8\Modules\Platform\" />
      </Unit>
      <Unit filename="D:/lang/OpenCV-2.2.0/Program Files/CMake 2.8/share/cmake-2.8/Modules/Platform/Windows-GNU-CXX.cmake">
          <Option virtualFolder="CMake Files\Program Files\CMake 2.8\share\cmake-2.8\Modules\Platform\" />
      </Unit>
      <Unit filename="D:/lang/OpenCV-2.2.0/Program Files/CMake 2.8/share/cmake-2.8/Modules/Platform/Windows-GNU.cmake">
          <Option virtualFolder="CMake Files\Program Files\CMake 2.8\share\cmake-2.8\Modules\Platform\" />
      </Unit>
      <Unit filename="D:/lang/OpenCV-2.2.0/Program Files/CMake 2.8/share/cmake-2.8/Modules/Compiler/GNU-C.cmake">
          <Option virtualFolder="CMake Files\Program Files\CMake 2.8\share\cmake-2.8\Modules\Compiler\" />
      </Unit>
      <Unit filename="D:/lang/OpenCV-2.2.0/Program Files/CMake 2.8/share/cmake-2.8/Modules/Compiler/GNU.cmake">
          <Option virtualFolder="CMake Files\Program Files\CMake 2.8\share\cmake-2.8\Modules\Compiler\" />
      </Unit>
      <Unit filename="D:/lang/OpenCV-2.2.0/Program Files/CMake 2.8/share/cmake-2.8/Modules/Compiler/GNU-CXX.cmake">
          <Option virtualFolder="CMake Files\Program Files\CMake 2.8\share\cmake-2.8\Modules\Compiler\" />
      </Unit>
      <Unit filename="D:/lang/OpenCV-2.2.0/Program Files/CMake 2.8/share/cmake-2.8/Modules/Compiler/GNU.cmake">
          <Option virtualFolder="CMake Files\Program Files\CMake 2.8\share\cmake-2.8\Modules\Compiler\" />
      </Unit>
      <Unit filename="D:/lang/OpenCV-2.2.0/include/CMakeLists.txt">
          <Option virtualFolder="CMake Files\include\" />
      </Unit>
      <Unit filename="D:/lang/OpenCV-2.2.0/modules/CMakeLists.txt">
          <Option virtualFolder="CMake Files\modules\" />
      </Unit>
      <Unit filename="D:/lang/OpenCV-2.2.0/modules/calib3d/CMakeLists.txt">
          <Option virtualFolder="CMake Files\modules\calib3d\" />
      </Unit>
      <Unit filename="D:/lang/OpenCV-2.2.0/modules/calib3d/CMakeLists.txt">
          <Option virtualFolder="CMake Files\modules\calib3d\" />
      </Unit>
      <Unit filename="D:/lang/OpenCV-2.2.0/modules/core/CMakeLists.txt">
          <Option virtualFolder="CMake Files\modules\core\" />
      </Unit>
      <Unit filename="D:/lang/OpenCV-2.2.0/modules/core/CMakeLists.txt">
          <Option virtualFolder="CMake Files\modules\core\" />
      </Unit>
      <Unit filename="D:/lang/OpenCV-2.2.0/modules/features2d/CMakeLists.txt">
          <Option virtualFolder="CMake Files\modules\features2d\" />
      </Unit>
      <Unit filename="D:/lang/OpenCV-2.2.0/modules/features2d/CMakeLists.txt">
          <Option virtualFolder="CMake Files\modules\features2d\" />
      </Unit>
      <Unit filename="D:/lang/OpenCV-2.2.0/modules/flann/CMakeLists.txt">
          <Option virtualFolder="CMake Files\modules\flann\" />
      </Unit>
      <Unit filename="D:/lang/OpenCV-2.2.0/modules/flann/CMakeLists.txt">
          <Option virtualFolder="CMake Files\modules\flann\" />
      </Unit>
      <Unit filename="D:/lang/OpenCV-2.2.0/modules/ffmpeg/CMakeLists.txt">
          <Option virtualFolder="CMake Files\modules\ffmpeg\" />
      </Unit>
      <Unit filename="D:/lang/OpenCV-2.2.0/modules/ffmpeg/CMakeLists.txt">
          <Option virtualFolder="CMake Files\modules\ffmpeg\" />
      </Unit>
      <Unit filename="D:/lang/OpenCV-2.2.0/modules/highgui/CMakeLists.txt">
          <Option virtualFolder="CMake Files\modules\highgui\" />
      </Unit>
      <Unit filename="D:/lang/OpenCV-2.2.0/modules/highgui/CMakeLists.txt">
          <Option virtualFolder="CMake Files\modules\highgui\" />
      </Unit>
      <Unit filename="D:/lang/OpenCV-2.2.0/modules/imgproc/CMakeLists.txt">
          <Option virtualFolder="CMake Files\modules\imgproc\" />
      </Unit>
      <Unit filename="D:/lang/OpenCV-2.2.0/modules/imgproc/CMakeLists.txt">
          <Option virtualFolder="CMake Files\modules\imgproc\" />
      </Unit>
      <Unit filename="D:/lang/OpenCV-2.2.0/modules/legacy/CMakeLists.txt">
          <Option virtualFolder="CMake Files\modules\legacy\" />
      </Unit>
      <Unit filename="D:/lang/OpenCV-2.2.0/modules/legacy/CMakeLists.txt">
          <Option virtualFolder="CMake Files\modules\legacy\" />
      </Unit>
      <Unit filename="D:/lang/OpenCV-2.2.0/modules/contrib/CMakeLists.txt">
          <Option virtualFolder="CMake Files\modules\contrib\" />
      </Unit>
      <Unit filename="D:/lang/OpenCV-2.2.0/modules/contrib/CMakeLists.txt">
          <Option virtualFolder="CMake Files\modules\contrib\" />
      </Unit>
      <Unit filename="D:/lang/OpenCV-2.2.0/modules/ml/CMakeLists.txt">
          <Option virtualFolder="CMake Files\modules\ml\" />
      </Unit>
      <Unit filename="D:/lang/OpenCV-2.2.0/modules/ml/CMakeLists.txt">
          <Option virtualFolder="CMake Files\modules\ml\" />
      </Unit>
      <Unit filename="D:/lang/OpenCV-2.2.0/modules/objdetect/CMakeLists.txt">
          <Option virtualFolder="CMake Files\modules\objdetect\" />
      </Unit>
      <Unit filename="D:/lang/OpenCV-2.2.0/modules/objdetect/CMakeLists.txt">
          <Option virtualFolder="CMake Files\modules\objdetect\" />
      </Unit>
      <Unit filename="D:/lang/OpenCV-2.2.0/modules/video/CMakeLists.txt">
          <Option virtualFolder="CMake Files\modules\video\" />
      </Unit>
      <Unit filename="D:/lang/OpenCV-2.2.0/modules/video/CMakeLists.txt">
          <Option virtualFolder="CMake Files\modules\video\" />
      </Unit>
      <Unit filename="D:/lang/OpenCV-2.2.0/modules/haartraining/CMakeLists.txt">
          <Option virtualFolder="CMake Files\modules\haartraining\" />
      </Unit>
      <Unit filename="D:/lang/OpenCV-2.2.0/modules/haartraining/CMakeLists.txt">
          <Option virtualFolder="CMake Files\modules\haartraining\" />
      </Unit>
      <Unit filename="D:/lang/OpenCV-2.2.0/modules/traincascade/CMakeLists.txt">
          <Option virtualFolder="CMake Files\modules\traincascade\" />
      </Unit>
      <Unit filename="D:/lang/OpenCV-2.2.0/modules/traincascade/CMakeLists.txt">
          <Option virtualFolder="CMake Files\modules\traincascade\" />
      </Unit>
      <Unit filename="D:/lang/OpenCV-2.2.0/modules/gpu/CMakeLists.txt">
          <Option virtualFolder="CMake Files\modules\gpu\" />
      </Unit>
      <Unit filename="D:/lang/OpenCV-2.2.0/modules/gpu/CMakeLists.txt">
          <Option virtualFolder="CMake Files\modules\gpu\" />
      </Unit>
      <Unit filename="D:/lang/OpenCV-2.2.0/doc/CMakeLists.txt">
          <Option virtualFolder="CMake Files\doc\" />
      </Unit>
      <Unit filename="D:/lang/OpenCV-2.2.0/data/CMakeLists.txt">
          <Option virtualFolder="CMake Files\data\" />
      </Unit>
      <Unit filename="D:/lang/OpenCV-2.2.0/3rdparty/CMakeLists.txt">
          <Option virtualFolder="CMake Files\3rdparty\" />
      </Unit>
      <Unit filename="D:/lang/OpenCV-2.2.0/3rdparty/lapack/CMakeLists.txt">
          <Option virtualFolder="CMake Files\3rdparty\lapack\" />
      </Unit>
      <Unit filename="D:/lang/OpenCV-2.2.0/3rdparty/lapack/CMakeLists.txt">
          <Option virtualFolder="CMake Files\3rdparty\lapack\" />
      </Unit>
      <Unit filename="D:/lang/OpenCV-2.2.0/3rdparty/zlib/CMakeLists.txt">
          <Option virtualFolder="CMake Files\3rdparty\zlib\" />
      </Unit>
      <Unit filename="D:/lang/OpenCV-2.2.0/3rdparty/zlib/CMakeLists.txt">
          <Option virtualFolder="CMake Files\3rdparty\zlib\" />
      </Unit>
      <Unit filename="D:/lang/OpenCV-2.2.0/3rdparty/libjasper/CMakeLists.txt">
          <Option virtualFolder="CMake Files\3rdparty\libjasper\" />
      </Unit>
      <Unit filename="D:/lang/OpenCV-2.2.0/3rdparty/libjasper/CMakeLists.txt">
          <Option virtualFolder="CMake Files\3rdparty\libjasper\" />
      </Unit>
      <Unit filename="D:/lang/OpenCV-2.2.0/3rdparty/libjpeg/CMakeLists.txt">
          <Option virtualFolder="CMake Files\3rdparty\libjpeg\" />
      </Unit>
      <Unit filename="D:/lang/OpenCV-2.2.0/3rdparty/libjpeg/CMakeLists.txt">
          <Option virtualFolder="CMake Files\3rdparty\libjpeg\" />
      </Unit>
      <Unit filename="D:/lang/OpenCV-2.2.0/3rdparty/libpng/CMakeLists.txt">
          <Option virtualFolder="CMake Files\3rdparty\libpng\" />
      </Unit>
      <Unit filename="D:/lang/OpenCV-2.2.0/3rdparty/libpng/CMakeLists.txt">
          <Option virtualFolder="CMake Files\3rdparty\libpng\" />
      </Unit>
      <Unit filename="D:/lang/OpenCV-2.2.0/3rdparty/libtiff/CMakeLists.txt">
          <Option virtualFolder="CMake Files\3rdparty\libtiff\" />
      </Unit>
      <Unit filename="D:/lang/OpenCV-2.2.0/3rdparty/libtiff/CMakeLists.txt">
          <Option virtualFolder="CMake Files\3rdparty\libtiff\" />
      </Unit>
   </Project>
</CodeBlocks_project_file>
